{
  "name": "smoke",
  "lockfileVersion": 3,
  "requires": true,
  "packages": {
    "": {
      "dependencies": {
        "gameplan-htn": "1.0.1",
        "js-son-agent": "0.0.17",
        "mahler": "4.1.5",
        "mistreevous": "4.3.1",
        "xstate": "5.32.6",
        "yuka": "0.7.8"
      }
    },
    "node_modules/gameplan-htn": {
      "version": "1.0.1",
      "resolved": "https://registry.npmjs.org/gameplan-htn/-/gameplan-htn-1.0.1.tgz",
      "integrity": "sha512-s7LPHhynDZAqvKKyvy8mx2B2MhngAKTBlRPbayK6mhY+P0iTJ2JXjztxed8eSPmEDZEQ6ciX0QILfYH/36lR+Q==",
      "license": "MIT",
      "dependencies": {
        "loglevel": "^1.8.1"
      }
    },
    "node_modules/js-son-agent": {
      "version": "0.0.17",
      "resolved": "https://registry.npmjs.org/js-son-agent/-/js-son-agent-0.0.17.tgz",
      "integrity": "sha512-RnpHDIH9p8W2mxVStk7M8JB0mNc579o0NilOlo5rOGoCix/TT/B6iCbX6sjtXLvlyEnVCrMgc/AHOKL6bN/3jA==",
      "license": "BSD-2-Clause"
    },
    "node_modules/loglevel": {
      "version": "1.9.2",
      "resolved": "https://registry.npmjs.org/loglevel/-/loglevel-1.9.2.tgz",
      "integrity": "sha512-HgMmCqIJSAKqo68l0rS2AanEWfkxaZ5wNiEFb5ggm08lDs9Xl2KxBlX3PTcaD2chBM1gXAYf491/M2Rv8Jwayg==",
      "license": "MIT",
      "engines": {
        "node": ">= 0.6.0"
      },
      "funding": {
        "type": "tidelift",
        "url": "https://tidelift.com/funding/github/npm/loglevel"
      }
    },
    "node_modules/lotto-draw": {
      "version": "1.0.2",
      "resolved": "https://registry.npmjs.org/lotto-draw/-/lotto-draw-1.0.2.tgz",
      "integrity": "sha512-1ih414A35BWpApfNlWAHBKOBLSxTj45crAJ+CMWF/kVY5nx6N22DA1OVF/FWW5WM5CGJbIMRh1O+xe8ukyoQ8Q==",
      "license": "MIT"
    },
    "node_modules/mahler": {
      "version": "4.1.5",
      "resolved": "https://registry.npmjs.org/mahler/-/mahler-4.1.5.tgz",
      "integrity": "sha512-ZanGYYvWxYDj6KpcvN3fBuGSMHhHVewE3Nkq9U19e7hWgqKcnhZWnOU3KDEhbN538qREDHlq6hIJ4n57UVFLog==",
      "deprecated": "Deprecated: no longer maintained. The GitHub repository has been archived and no further releases will be published.",
      "license": "Apache-2.0",
      "dependencies": {
        "mahler-wasm": "^0.1.0"
      },
      "engines": {
        "node": ">=18.0.0"
      }
    },
    "node_modules/mahler-wasm": {
      "version": "0.1.1",
      "resolved": "https://registry.npmjs.org/mahler-wasm/-/mahler-wasm-0.1.1.tgz",
      "integrity": "sha512-rb0eBaolwLBYqH3HyneMaEUmD1P3khFkCVMvym9qpLxoBYladxfO/csl1zTSOJM0+fANI7bZcBqCJgx58BO4WQ==",
      "license": "Apache-2.0",
      "engines": {
        "node": ">=18.0.0"
      }
    },
    "node_modules/mistreevous": {
      "version": "4.3.1",
      "resolved": "https://registry.npmjs.org/mistreevous/-/mistreevous-4.3.1.tgz",
      "integrity": "sha512-AnDNOd8qGcBbz1fDRGYh5Kf+FodR4KcZyc+H4rPpFL7kdOAmGSwnpW57HwX9h0J8pDrj6FJRSAXdfqI6/N1UTw==",
      "license": "MIT",
      "dependencies": {
        "lotto-draw": "^1.0.2"
      }
    },
    "node_modules/xstate": {
      "version": "5.32.6",
      "resolved": "https://registry.npmjs.org/xstate/-/xstate-5.32.6.tgz",
      "integrity": "sha512-WfA8WNrh6r9osuGwVm+aIPM4jmMW2LKHV1Yv9thYpOtL4HVF/kobh95K/O8v2jDCpDmP2EoY+6uvuqHXCZ6ZLw==",
      "license": "MIT",
      "funding": {
        "type": "opencollective",
        "url": "https://opencollective.com/xstate"
      }
    },
    "node_modules/yuka": {
      "version": "0.7.8",
      "resolved": "https://registry.npmjs.org/yuka/-/yuka-0.7.8.tgz",
      "integrity": "sha512-G/pFcMZh2Azz7Yy500NSV1jQ0Ru7h9hTNyEW+HjRXcdzjJIyp/3mCGspnx7VJVP06zxORqK6mkl5TywLqVUnVg==",
      "license": "MIT"
    }
  }
}
